// !$*UTF8*$!
{
	archiveVersion = 1;
	classes = {
	};
	objectVersion = 50;
	objects = {

/* Begin PBXBuildFile section */
		079E187B21632B7800EB36FD /* LaunchScreen.storyboard in Resources */ = {isa = PBXBuildFile; fileRef = 079E184021632B7800EB36FD /* LaunchScreen.storyboard */; };
		079E187C21632B7800EB36FD /* main.m in Sources */ = {isa = PBXBuildFile; fileRef = 079E184221632B7800EB36FD /* main.m */; };
		079E187D21632B7800EB36FD /* AppDelegate.m in Sources */ = {isa = PBXBuildFile; fileRef = 079E184321632B7800EB36FD /* AppDelegate.m */; };
		079E187E21632B7800EB36FD /* CurrencyHistory.m in Sources */ = {isa = PBXBuildFile; fileRef = 079E184521632B7800EB36FD /* CurrencyHistory.m */; };
		079E187F21632B7800EB36FD /* ExchangeRate.m in Sources */ = {isa = PBXBuildFile; fileRef = 079E184A21632B7800EB36FD /* ExchangeRate.m */; };
		079E188021632B7800EB36FD /* AppState.m in Sources */ = {isa = PBXBuildFile; fileRef = 079E184B21632B7800EB36FD /* AppState.m */; };
		079E188121632B7800EB36FD /* Currency.m in Sources */ = {isa = PBXBuildFile; fileRef = 079E184C21632B7800EB36FD /* Currency.m */; };
		079E188221632B7800EB36FD /* ApiService.m in Sources */ = {isa = PBXBuildFile; fileRef = 079E185121632B7800EB36FD /* ApiService.m */; };
		079E188321632B7800EB36FD /* CurrencyService.m in Sources */ = {isa = PBXBuildFile; fileRef = 079E185221632B7800EB36FD /* CurrencyService.m */; };
		079E188421632B7800EB36FD /* CurrencyHistoryCell.m in Sources */ = {isa = PBXBuildFile; fileRef = 079E185521632B7800EB36FD /* CurrencyHistoryCell.m */; };
		079E188521632B7800EB36FD /* CountryCell.m in Sources */ = {isa = PBXBuildFile; fileRef = 079E185621632B7800EB36FD /* CountryCell.m */; };
		079E188621632B7800EB36FD /* CurrencyHistoryCell.xib in Resources */ = {isa = PBXBuildFile; fileRef = 079E185821632B7800EB36FD /* CurrencyHistoryCell.xib */; };
		079E188721632B7800EB36FD /* CountryCell.xib in Resources */ = {isa = PBXBuildFile; fileRef = 079E185921632B7800EB36FD /* CountryCell.xib */; };
		079E188821632B7800EB36FD /* CurrencyConverterVC.storyboard in Resources */ = {isa = PBXBuildFile; fileRef = 079E185F21632B7800EB36FD /* CurrencyConverterVC.storyboard */; };
		079E188921632B7800EB36FD /* CurrencyHistoryTableVC.m in Sources */ = {isa = PBXBuildFile; fileRef = 079E186021632B7800EB36FD /* CurrencyHistoryTableVC.m */; };
		079E188A21632B7800EB36FD /* CurrencyConverterVC.m in Sources */ = {isa = PBXBuildFile; fileRef = 079E186121632B7800EB36FD /* CurrencyConverterVC.m */; };
		079E188B21632B7800EB36FD /* CurrencyTableVC.m in Sources */ = {isa = PBXBuildFile; fileRef = 079E186221632B7800EB36FD /* CurrencyTableVC.m */; };
		079E188D21632B7800EB36FD /* MainTabBarController.m in Sources */ = {isa = PBXBuildFile; fileRef = 079E186521632B7800EB36FD /* MainTabBarController.m */; };
		079E188E21632B7800EB36FD /* Main.storyboard in Resources */ = {isa = PBXBuildFile; fileRef = 079E186621632B7800EB36FD /* Main.storyboard */; };
		079E189621632B7800EB36FD /* ICCError.m in Sources */ = {isa = PBXBuildFile; fileRef = 079E187A21632B7800EB36FD /* ICCError.m */; };
		079E18B121632F3800EB36FD /* NSUserDefaultsUtils.m in Sources */ = {isa = PBXBuildFile; fileRef = 079E18A421632F3800EB36FD /* NSUserDefaultsUtils.m */; };
		079E18B221632F3800EB36FD /* DateUtils.m in Sources */ = {isa = PBXBuildFile; fileRef = 079E18A521632F3800EB36FD /* DateUtils.m */; };
		079E18B321632F3800EB36FD /* AlertUtils.m in Sources */ = {isa = PBXBuildFile; fileRef = 079E18A621632F3800EB36FD /* AlertUtils.m */; };
		079E18B421632F3800EB36FD /* AppInitializer.m in Sources */ = {isa = PBXBuildFile; fileRef = 079E18A721632F3800EB36FD /* AppInitializer.m */; };
		079E18B521632F3800EB36FD /* Utils.m in Sources */ = {isa = PBXBuildFile; fileRef = 079E18AB21632F3800EB36FD /* Utils.m */; };
		079E18B621632F3800EB36FD /* UIUtils.m in Sources */ = {isa = PBXBuildFile; fileRef = 079E18AE21632F3800EB36FD /* UIUtils.m */; };
		079E18B721632F3800EB36FD /* EncodeDecodeUtils.m in Sources */ = {isa = PBXBuildFile; fileRef = 079E18AF21632F3800EB36FD /* EncodeDecodeUtils.m */; };
		07E36BD3214FC05D00C2811B /* Assets.xcassets in Resources */ = {isa = PBXBuildFile; fileRef = 07E36BD2214FC05D00C2811B /* Assets.xcassets */; };
		DF072C70DDA738E8A3F66C66 /* libPods-IosCurrencyConverter.a in Frameworks */ = {isa = PBXBuildFile; fileRef = D48C3B9AD51DEE68A2731D50 /* libPods-IosCurrencyConverter.a */; };
/* End PBXBuildFile section */

/* Begin PBXFileReference section */
		079E183F21632B7800EB36FD /* AppDelegate.h */ = {isa = PBXFileReference; fileEncoding = 4; lastKnownFileType = sourcecode.c.h; path = AppDelegate.h; sourceTree = "<group>"; };
		079E184121632B7800EB36FD /* Base */ = {isa = PBXFileReference; lastKnownFileType = file.storyboard; name = Base; path = Base.lproj/LaunchScreen.storyboard; sourceTree = "<group>"; };
		079E184221632B7800EB36FD /* main.m */ = {isa = PBXFileReference; fileEncoding = 4; lastKnownFileType = sourcecode.c.objc; path = main.m; sourceTree = "<group>"; };
		079E184321632B7800EB36FD /* AppDelegate.m */ = {isa = PBXFileReference; fileEncoding = 4; lastKnownFileType = sourcecode.c.objc; path = AppDelegate.m; sourceTree = "<group>"; };
		079E184521632B7800EB36FD /* CurrencyHistory.m */ = {isa = PBXFileReference; fileEncoding = 4; lastKnownFileType = sourcecode.c.objc; path = CurrencyHistory.m; sourceTree = "<group>"; };
		079E184621632B7800EB36FD /* ExchangeRate.h */ = {isa = PBXFileReference; fileEncoding = 4; lastKnownFileType = sourcecode.c.h; path = ExchangeRate.h; sourceTree = "<group>"; };
		079E184721632B7800EB36FD /* AppState.h */ = {isa = PBXFileReference; fileEncoding = 4; lastKnownFileType = sourcecode.c.h; path = AppState.h; sourceTree = "<group>"; };
		079E184821632B7800EB36FD /* Currency.h */ = {isa = PBXFileReference; fileEncoding = 4; lastKnownFileType = sourcecode.c.h; path = Currency.h; sourceTree = "<group>"; };
		079E184921632B7800EB36FD /* CurrencyHistory.h */ = {isa = PBXFileReference; fileEncoding = 4; lastKnownFileType = sourcecode.c.h; path = CurrencyHistory.h; sourceTree = "<group>"; };
		079E184A21632B7800EB36FD /* ExchangeRate.m */ = {isa = PBXFileReference; fileEncoding = 4; lastKnownFileType = sourcecode.c.objc; path = ExchangeRate.m; sourceTree = "<group>"; };
		079E184B21632B7800EB36FD /* AppState.m */ = {isa = PBXFileReference; fileEncoding = 4; lastKnownFileType = sourcecode.c.objc; path = AppState.m; sourceTree = "<group>"; };
		079E184C21632B7800EB36FD /* Currency.m */ = {isa = PBXFileReference; fileEncoding = 4; lastKnownFileType = sourcecode.c.objc; path = Currency.m; sourceTree = "<group>"; };
		079E184E21632B7800EB36FD /* CurrencyService.h */ = {isa = PBXFileReference; fileEncoding = 4; lastKnownFileType = sourcecode.c.h; path = CurrencyService.h; sourceTree = "<group>"; };
		079E184F21632B7800EB36FD /* ApiService.h */ = {isa = PBXFileReference; fileEncoding = 4; lastKnownFileType = sourcecode.c.h; path = ApiService.h; sourceTree = "<group>"; };
		079E185121632B7800EB36FD /* ApiService.m */ = {isa = PBXFileReference; fileEncoding = 4; lastKnownFileType = sourcecode.c.objc; path = ApiService.m; sourceTree = "<group>"; };
		079E185221632B7800EB36FD /* CurrencyService.m */ = {isa = PBXFileReference; fileEncoding = 4; lastKnownFileType = sourcecode.c.objc; path = CurrencyService.m; sourceTree = "<group>"; };
		079E185521632B7800EB36FD /* CurrencyHistoryCell.m */ = {isa = PBXFileReference; fileEncoding = 4; lastKnownFileType = sourcecode.c.objc; path = CurrencyHistoryCell.m; sourceTree = "<group>"; };
		079E185621632B7800EB36FD /* CountryCell.m */ = {isa = PBXFileReference; fileEncoding = 4; lastKnownFileType = sourcecode.c.objc; path = CountryCell.m; sourceTree = "<group>"; };
		079E185721632B7800EB36FD /* CurrencyHistoryCell.h */ = {isa = PBXFileReference; fileEncoding = 4; lastKnownFileType = sourcecode.c.h; path = CurrencyHistoryCell.h; sourceTree = "<group>"; };
		079E185821632B7800EB36FD /* CurrencyHistoryCell.xib */ = {isa = PBXFileReference; fileEncoding = 4; lastKnownFileType = file.xib; path = CurrencyHistoryCell.xib; sourceTree = "<group>"; };
		079E185921632B7800EB36FD /* CountryCell.xib */ = {isa = PBXFileReference; fileEncoding = 4; lastKnownFileType = file.xib; path = CountryCell.xib; sourceTree = "<group>"; };
		079E185A21632B7800EB36FD /* CountryCell.h */ = {isa = PBXFileReference; fileEncoding = 4; lastKnownFileType = sourcecode.c.h; path = CountryCell.h; sourceTree = "<group>"; };
		079E185C21632B7800EB36FD /* CurrencyTableVC.h */ = {isa = PBXFileReference; fileEncoding = 4; lastKnownFileType = sourcecode.c.h; path = CurrencyTableVC.h; sourceTree = "<group>"; };
		079E185D21632B7800EB36FD /* CurrencyConverterVC.h */ = {isa = PBXFileReference; fileEncoding = 4; lastKnownFileType = sourcecode.c.h; path = CurrencyConverterVC.h; sourceTree = "<group>"; };
		079E185E21632B7800EB36FD /* CurrencyHistoryTableVC.h */ = {isa = PBXFileReference; fileEncoding = 4; lastKnownFileType = sourcecode.c.h; path = CurrencyHistoryTableVC.h; sourceTree = "<group>"; };
		079E185F21632B7800EB36FD /* CurrencyConverterVC.storyboard */ = {isa = PBXFileReference; fileEncoding = 4; lastKnownFileType = file.storyboard; path = CurrencyConverterVC.storyboard; sourceTree = "<group>"; };
		079E186021632B7800EB36FD /* CurrencyHistoryTableVC.m */ = {isa = PBXFileReference; fileEncoding = 4; lastKnownFileType = sourcecode.c.objc; path = CurrencyHistoryTableVC.m; sourceTree = "<group>"; };
		079E186121632B7800EB36FD /* CurrencyConverterVC.m */ = {isa = PBXFileReference; fileEncoding = 4; lastKnownFileType = sourcecode.c.objc; path = CurrencyConverterVC.m; sourceTree = "<group>"; };
		079E186221632B7800EB36FD /* CurrencyTableVC.m */ = {isa = PBXFileReference; fileEncoding = 4; lastKnownFileType = sourcecode.c.objc; path = CurrencyTableVC.m; sourceTree = "<group>"; };
		079E186521632B7800EB36FD /* MainTabBarController.m */ = {isa = PBXFileReference; fileEncoding = 4; lastKnownFileType = sourcecode.c.objc; path = MainTabBarController.m; sourceTree = "<group>"; };
		079E186621632B7800EB36FD /* Main.storyboard */ = {isa = PBXFileReference; fileEncoding = 4; lastKnownFileType = file.storyboard; path = Main.storyboard; sourceTree = "<group>"; };
		079E186821632B7800EB36FD /* MainTabBarController.h */ = {isa = PBXFileReference; fileEncoding = 4; lastKnownFileType = sourcecode.c.h; path = MainTabBarController.h; sourceTree = "<group>"; };
		079E187921632B7800EB36FD /* ICCError.h */ = {isa = PBXFileReference; fileEncoding = 4; lastKnownFileType = sourcecode.c.h; path = ICCError.h; sourceTree = "<group>"; };
		079E187A21632B7800EB36FD /* ICCError.m */ = {isa = PBXFileReference; fileEncoding = 4; lastKnownFileType = sourcecode.c.objc; path = ICCError.m; sourceTree = "<group>"; };
		079E18A321632F3800EB36FD /* Utils.h */ = {isa = PBXFileReference; fileEncoding = 4; lastKnownFileType = sourcecode.c.h; path = Utils.h; sourceTree = "<group>"; };
		079E18A421632F3800EB36FD /* NSUserDefaultsUtils.m */ = {isa = PBXFileReference; fileEncoding = 4; lastKnownFileType = sourcecode.c.objc; path = NSUserDefaultsUtils.m; sourceTree = "<group>"; };
		079E18A521632F3800EB36FD /* DateUtils.m */ = {isa = PBXFileReference; fileEncoding = 4; lastKnownFileType = sourcecode.c.objc; path = DateUtils.m; sourceTree = "<group>"; };
		079E18A621632F3800EB36FD /* AlertUtils.m */ = {isa = PBXFileReference; fileEncoding = 4; lastKnownFileType = sourcecode.c.objc; path = AlertUtils.m; sourceTree = "<group>"; };
		079E18A721632F3800EB36FD /* AppInitializer.m */ = {isa = PBXFileReference; fileEncoding = 4; lastKnownFileType = sourcecode.c.objc; path = AppInitializer.m; sourceTree = "<group>"; };
		079E18A821632F3800EB36FD /* EncodeDecodeUtils.h */ = {isa = PBXFileReference; fileEncoding = 4; lastKnownFileType = sourcecode.c.h; path = EncodeDecodeUtils.h; sourceTree = "<group>"; };
		079E18A921632F3800EB36FD /* UIUtils.h */ = {isa = PBXFileReference; fileEncoding = 4; lastKnownFileType = sourcecode.c.h; path = UIUtils.h; sourceTree = "<group>"; };
		079E18AA21632F3800EB36FD /* NSUserDefaultsUtils.h */ = {isa = PBXFileReference; fileEncoding = 4; lastKnownFileType = sourcecode.c.h; path = NSUserDefaultsUtils.h; sourceTree = "<group>"; };
		079E18AB21632F3800EB36FD /* Utils.m */ = {isa = PBXFileReference; fileEncoding = 4; lastKnownFileType = sourcecode.c.objc; path = Utils.m; sourceTree = "<group>"; };
		079E18AC21632F3800EB36FD /* AlertUtils.h */ = {isa = PBXFileReference; fileEncoding = 4; lastKnownFileType = sourcecode.c.h; path = AlertUtils.h; sourceTree = "<group>"; };
		079E18AD21632F3800EB36FD /* DateUtils.h */ = {isa = PBXFileReference; fileEncoding = 4; lastKnownFileType = sourcecode.c.h; path = DateUtils.h; sourceTree = "<group>"; };
		079E18AE21632F3800EB36FD /* UIUtils.m */ = {isa = PBXFileReference; fileEncoding = 4; lastKnownFileType = sourcecode.c.objc; path = UIUtils.m; sourceTree = "<group>"; };
		079E18AF21632F3800EB36FD /* EncodeDecodeUtils.m */ = {isa = PBXFileReference; fileEncoding = 4; lastKnownFileType = sourcecode.c.objc; path = EncodeDecodeUtils.m; sourceTree = "<group>"; };
		079E18B021632F3800EB36FD /* AppInitializer.h */ = {isa = PBXFileReference; fileEncoding = 4; lastKnownFileType = sourcecode.c.h; path = AppInitializer.h; sourceTree = "<group>"; };
		07E36BC6214FC05B00C2811B /* IosCurrencyConverter.app */ = {isa = PBXFileReference; explicitFileType = wrapper.application; includeInIndex = 0; path = IosCurrencyConverter.app; sourceTree = BUILT_PRODUCTS_DIR; };
		07E36BD2214FC05D00C2811B /* Assets.xcassets */ = {isa = PBXFileReference; lastKnownFileType = folder.assetcatalog; path = Assets.xcassets; sourceTree = "<group>"; };
		07E36BD7214FC05D00C2811B /* Info.plist */ = {isa = PBXFileReference; lastKnownFileType = text.plist.xml; path = Info.plist; sourceTree = "<group>"; };
		772A33517C863A84F28AF2CD /* Pods-IosCurrencyConverter.release.xcconfig */ = {isa = PBXFileReference; includeInIndex = 1; lastKnownFileType = text.xcconfig; name = "Pods-IosCurrencyConverter.release.xcconfig"; path = "Pods/Target Support Files/Pods-IosCurrencyConverter/Pods-IosCurrencyConverter.release.xcconfig"; sourceTree = "<group>"; };
		C0E523E317C8DCD8B1DB09B8 /* Pods-IosCurrencyConverter.debug.xcconfig */ = {isa = PBXFileReference; includeInIndex = 1; lastKnownFileType = text.xcconfig; name = "Pods-IosCurrencyConverter.debug.xcconfig"; path = "Pods/Target Support Files/Pods-IosCurrencyConverter/Pods-IosCurrencyConverter.debug.xcconfig"; sourceTree = "<group>"; };
		D48C3B9AD51DEE68A2731D50 /* libPods-IosCurrencyConverter.a */ = {isa = PBXFileReference; explicitFileType = archive.ar; includeInIndex = 0; path = "libPods-IosCurrencyConverter.a"; sourceTree = BUILT_PRODUCTS_DIR; };
/* End PBXFileReference section */

/* Begin PBXFrameworksBuildPhase section */
		07E36BC3214FC05B00C2811B /* Frameworks */ = {
			isa = PBXFrameworksBuildPhase;
			buildActionMask = 2147483647;
			files = (
				DF072C70DDA738E8A3F66C66 /* libPods-IosCurrencyConverter.a in Frameworks */,
			);
			runOnlyForDeploymentPostprocessing = 0;
		};
/* End PBXFrameworksBuildPhase section */

/* Begin PBXGroup section */
		079E183E21632B7800EB36FD /* Others */ = {
			isa = PBXGroup;
			children = (
				079E183F21632B7800EB36FD /* AppDelegate.h */,
				079E184321632B7800EB36FD /* AppDelegate.m */,
				079E184021632B7800EB36FD /* LaunchScreen.storyboard */,
				079E184221632B7800EB36FD /* main.m */,
			);
			path = Others;
			sourceTree = "<group>";
		};
		079E184421632B7800EB36FD /* Model */ = {
			isa = PBXGroup;
			children = (
				079E189F21632EC300EB36FD /* Currency */,
				079E189E21632EB500EB36FD /* ExchangeRate */,
				079E189D21632EA300EB36FD /* CurrencyHistory */,
				079E189C21632E9100EB36FD /* AppState */,
			);
			path = Model;
			sourceTree = "<group>";
		};
		079E184D21632B7800EB36FD /* API */ = {
			isa = PBXGroup;
			children = (
				079E18A121632EE500EB36FD /* ApiService */,
				079E18A021632ED500EB36FD /* CurrencyService */,
			);
			path = API;
			sourceTree = "<group>";
		};
		079E185321632B7800EB36FD /* Views */ = {
			isa = PBXGroup;
			children = (
				079E185421632B7800EB36FD /* Cells */,
				079E185B21632B7800EB36FD /* CurrencyConverter */,
				079E186321632B7800EB36FD /* MainVC */,
			);
			path = Views;
			sourceTree = "<group>";
		};
		079E185421632B7800EB36FD /* Cells */ = {
			isa = PBXGroup;
			children = (
				079E189821632D3D00EB36FD /* CountryCell */,
				079E189721632D1400EB36FD /* CurrencyHistoryCell */,
			);
			path = Cells;
			sourceTree = "<group>";
		};
		079E185B21632B7800EB36FD /* CurrencyConverter */ = {
			isa = PBXGroup;
			children = (
				079E189B21632D9C00EB36FD /* CurrencyConverterView */,
				079E189A21632D7E00EB36FD /* CurrencyHistoryTableView */,
				079E189921632D5B00EB36FD /* CurrencyTableView */,
				079E185F21632B7800EB36FD /* CurrencyConverterVC.storyboard */,
			);
			path = CurrencyConverter;
			sourceTree = "<group>";
		};
		079E186321632B7800EB36FD /* MainVC */ = {
			isa = PBXGroup;
			children = (
				079E186521632B7800EB36FD /* MainTabBarController.m */,
				079E186621632B7800EB36FD /* Main.storyboard */,
				079E186821632B7800EB36FD /* MainTabBarController.h */,
			);
			path = MainVC;
			sourceTree = "<group>";
		};
		079E187821632B7800EB36FD /* Error */ = {
			isa = PBXGroup;
			children = (
				079E187921632B7800EB36FD /* ICCError.h */,
				079E187A21632B7800EB36FD /* ICCError.m */,
			);
			path = Error;
			sourceTree = "<group>";
		};
		079E189721632D1400EB36FD /* CurrencyHistoryCell */ = {
			isa = PBXGroup;
			children = (
				079E185721632B7800EB36FD /* CurrencyHistoryCell.h */,
				079E185521632B7800EB36FD /* CurrencyHistoryCell.m */,
				079E185821632B7800EB36FD /* CurrencyHistoryCell.xib */,
			);
			path = CurrencyHistoryCell;
			sourceTree = "<group>";
		};
		079E189821632D3D00EB36FD /* CountryCell */ = {
			isa = PBXGroup;
			children = (
				079E185A21632B7800EB36FD /* CountryCell.h */,
				079E185621632B7800EB36FD /* CountryCell.m */,
				079E185921632B7800EB36FD /* CountryCell.xib */,
			);
			path = CountryCell;
			sourceTree = "<group>";
		};
		079E189921632D5B00EB36FD /* CurrencyTableView */ = {
			isa = PBXGroup;
			children = (
				079E185C21632B7800EB36FD /* CurrencyTableVC.h */,
				079E186221632B7800EB36FD /* CurrencyTableVC.m */,
			);
			path = CurrencyTableView;
			sourceTree = "<group>";
		};
		079E189A21632D7E00EB36FD /* CurrencyHistoryTableView */ = {
			isa = PBXGroup;
			children = (
				079E185E21632B7800EB36FD /* CurrencyHistoryTableVC.h */,
				079E186021632B7800EB36FD /* CurrencyHistoryTableVC.m */,
			);
			path = CurrencyHistoryTableView;
			sourceTree = "<group>";
		};
		079E189B21632D9C00EB36FD /* CurrencyConverterView */ = {
			isa = PBXGroup;
			children = (
				079E185D21632B7800EB36FD /* CurrencyConverterVC.h */,
				079E186121632B7800EB36FD /* CurrencyConverterVC.m */,
			);
			path = CurrencyConverterView;
			sourceTree = "<group>";
		};
		079E189C21632E9100EB36FD /* AppState */ = {
			isa = PBXGroup;
			children = (
				079E184721632B7800EB36FD /* AppState.h */,
				079E184B21632B7800EB36FD /* AppState.m */,
			);
			path = AppState;
			sourceTree = "<group>";
		};
		079E189D21632EA300EB36FD /* CurrencyHistory */ = {
			isa = PBXGroup;
			children = (
				079E184921632B7800EB36FD /* CurrencyHistory.h */,
				079E184521632B7800EB36FD /* CurrencyHistory.m */,
			);
			path = CurrencyHistory;
			sourceTree = "<group>";
		};
		079E189E21632EB500EB36FD /* ExchangeRate */ = {
			isa = PBXGroup;
			children = (
				079E184621632B7800EB36FD /* ExchangeRate.h */,
				079E184A21632B7800EB36FD /* ExchangeRate.m */,
			);
			path = ExchangeRate;
			sourceTree = "<group>";
		};
		079E189F21632EC300EB36FD /* Currency */ = {
			isa = PBXGroup;
			children = (
				079E184821632B7800EB36FD /* Currency.h */,
				079E184C21632B7800EB36FD /* Currency.m */,
			);
			path = Currency;
			sourceTree = "<group>";
		};
		079E18A021632ED500EB36FD /* CurrencyService */ = {
			isa = PBXGroup;
			children = (
				079E184E21632B7800EB36FD /* CurrencyService.h */,
				079E185221632B7800EB36FD /* CurrencyService.m */,
			);
			path = CurrencyService;
			sourceTree = "<group>";
		};
		079E18A121632EE500EB36FD /* ApiService */ = {
			isa = PBXGroup;
			children = (
				079E184F21632B7800EB36FD /* ApiService.h */,
				079E185121632B7800EB36FD /* ApiService.m */,
			);
			path = ApiService;
			sourceTree = "<group>";
		};
		079E18A221632F3800EB36FD /* Utils */ = {
			isa = PBXGroup;
			children = (
				079E18AC21632F3800EB36FD /* AlertUtils.h */,
				079E18A621632F3800EB36FD /* AlertUtils.m */,
				079E18B021632F3800EB36FD /* AppInitializer.h */,
				079E18A721632F3800EB36FD /* AppInitializer.m */,
				079E18AD21632F3800EB36FD /* DateUtils.h */,
				079E18A521632F3800EB36FD /* DateUtils.m */,
				079E18A821632F3800EB36FD /* EncodeDecodeUtils.h */,
				079E18AF21632F3800EB36FD /* EncodeDecodeUtils.m */,
				079E18AA21632F3800EB36FD /* NSUserDefaultsUtils.h */,
				079E18A421632F3800EB36FD /* NSUserDefaultsUtils.m */,
				079E18A921632F3800EB36FD /* UIUtils.h */,
				079E18AE21632F3800EB36FD /* UIUtils.m */,
				079E18A321632F3800EB36FD /* Utils.h */,
				079E18AB21632F3800EB36FD /* Utils.m */,
			);
			path = Utils;
			sourceTree = "<group>";
		};
		07E36BBD214FC05B00C2811B = {
			isa = PBXGroup;
			children = (
				07E36BC8214FC05B00C2811B /* IosCurrencyConverter */,
				07E36BC7214FC05B00C2811B /* Products */,
				CE20286021B24FB80A1DC246 /* Pods */,
				57BFC4264FEFE5566924BD4E /* Frameworks */,
			);
			sourceTree = "<group>";
		};
		07E36BC7214FC05B00C2811B /* Products */ = {
			isa = PBXGroup;
			children = (
				07E36BC6214FC05B00C2811B /* IosCurrencyConverter.app */,
			);
			name = Products;
			sourceTree = "<group>";
		};
		07E36BC8214FC05B00C2811B /* IosCurrencyConverter */ = {
			isa = PBXGroup;
			children = (
				079E18A221632F3800EB36FD /* Utils */,
				079E184D21632B7800EB36FD /* API */,
				079E187821632B7800EB36FD /* Error */,
				079E184421632B7800EB36FD /* Model */,
				079E183E21632B7800EB36FD /* Others */,
				079E185321632B7800EB36FD /* Views */,
				07E36BD2214FC05D00C2811B /* Assets.xcassets */,
				07E36BD7214FC05D00C2811B /* Info.plist */,
			);
			path = IosCurrencyConverter;
			sourceTree = "<group>";
		};
		57BFC4264FEFE5566924BD4E /* Frameworks */ = {
			isa = PBXGroup;
			children = (
				D48C3B9AD51DEE68A2731D50 /* libPods-IosCurrencyConverter.a */,
			);
			name = Frameworks;
			sourceTree = "<group>";
		};
		CE20286021B24FB80A1DC246 /* Pods */ = {
			isa = PBXGroup;
			children = (
				C0E523E317C8DCD8B1DB09B8 /* Pods-IosCurrencyConverter.debug.xcconfig */,
				772A33517C863A84F28AF2CD /* Pods-IosCurrencyConverter.release.xcconfig */,
			);
			name = Pods;
			sourceTree = "<group>";
		};
/* End PBXGroup section */

/* Begin PBXNativeTarget section */
		07E36BC5214FC05B00C2811B /* IosCurrencyConverter */ = {
			isa = PBXNativeTarget;
			buildConfigurationList = 07E36BDC214FC05D00C2811B /* Build configuration list for PBXNativeTarget "IosCurrencyConverter" */;
			buildPhases = (
				8AC4967B1D5F41D3955A9420 /* [CP] Check Pods Manifest.lock */,
				07E36BC2214FC05B00C2811B /* Sources */,
				07E36BC3214FC05B00C2811B /* Frameworks */,
				07E36BC4214FC05B00C2811B /* Resources */,
			);
			buildRules = (
			);
			dependencies = (
			);
			name = IosCurrencyConverter;
			productName = FirstApp;
			productReference = 07E36BC6214FC05B00C2811B /* IosCurrencyConverter.app */;
			productType = "com.apple.product-type.application";
		};
/* End PBXNativeTarget section */

/* Begin PBXProject section */
		07E36BBE214FC05B00C2811B /* Project object */ = {
			isa = PBXProject;
			attributes = {
				LastUpgradeCheck = 0930;
				ORGANIZATIONNAME = "Bikash Shrestha";
				TargetAttributes = {
					07E36BC5214FC05B00C2811B = {
						CreatedOnToolsVersion = 9.3.1;
					};
				};
			};
			buildConfigurationList = 07E36BC1214FC05B00C2811B /* Build configuration list for PBXProject "IosCurrencyConverter" */;
			compatibilityVersion = "Xcode 9.3";
			developmentRegion = en;
			hasScannedForEncodings = 0;
			knownRegions = (
				en,
				Base,
			);
			mainGroup = 07E36BBD214FC05B00C2811B;
			productRefGroup = 07E36BC7214FC05B00C2811B /* Products */;
			projectDirPath = "";
			projectRoot = "";
			targets = (
				07E36BC5214FC05B00C2811B /* IosCurrencyConverter */,
			);
		};
/* End PBXProject section */

/* Begin PBXResourcesBuildPhase section */
		07E36BC4214FC05B00C2811B /* Resources */ = {
			isa = PBXResourcesBuildPhase;
			buildActionMask = 2147483647;
			files = (
				079E188721632B7800EB36FD /* CountryCell.xib in Resources */,
				07E36BD3214FC05D00C2811B /* Assets.xcassets in Resources */,
				079E187B21632B7800EB36FD /* LaunchScreen.storyboard in Resources */,
				079E188E21632B7800EB36FD /* Main.storyboard in Resources */,
				079E188621632B7800EB36FD /* CurrencyHistoryCell.xib in Resources */,
				079E188821632B7800EB36FD /* CurrencyConverterVC.storyboard in Resources */,
			);
			runOnlyForDeploymentPostprocessing = 0;
		};
/* End PBXResourcesBuildPhase section */

/* Begin PBXShellScriptBuildPhase section */
		8AC4967B1D5F41D3955A9420 /* [CP] Check Pods Manifest.lock */ = {
			isa = PBXShellScriptBuildPhase;
			buildActionMask = 2147483647;
			files = (
			);
			inputPaths = (
				"${PODS_PODFILE_DIR_PATH}/Podfile.lock",
				"${PODS_ROOT}/Manifest.lock",
			);
			name = "[CP] Check Pods Manifest.lock";
			outputPaths = (
				"$(DERIVED_FILE_DIR)/Pods-IosCurrencyConverter-checkManifestLockResult.txt",
			);
			runOnlyForDeploymentPostprocessing = 0;
			shellPath = /bin/sh;
			shellScript = "diff \"${PODS_PODFILE_DIR_PATH}/Podfile.lock\" \"${PODS_ROOT}/Manifest.lock\" > /dev/null\nif [ $? != 0 ] ; then\n    # print error to STDERR\n    echo \"error: The sandbox is not in sync with the Podfile.lock. Run 'pod install' or update your CocoaPods installation.\" >&2\n    exit 1\nfi\n# This output is used by Xcode 'outputs' to avoid re-running this script phase.\necho \"SUCCESS\" > \"${SCRIPT_OUTPUT_FILE_0}\"\n";
			showEnvVarsInLog = 0;
		};
/* End PBXShellScriptBuildPhase section */

/* Begin PBXSourcesBuildPhase section */
		07E36BC2214FC05B00C2811B /* Sources */ = {
			isa = PBXSourcesBuildPhase;
			buildActionMask = 2147483647;
			files = (
				079E18B321632F3800EB36FD /* AlertUtils.m in Sources */,
				079E188321632B7800EB36FD /* CurrencyService.m in Sources */,
				079E187F21632B7800EB36FD /* ExchangeRate.m in Sources */,
				079E18B521632F3800EB36FD /* Utils.m in Sources */,
				079E188421632B7800EB36FD /* CurrencyHistoryCell.m in Sources */,
				079E18B721632F3800EB36FD /* EncodeDecodeUtils.m in Sources */,
				079E187D21632B7800EB36FD /* AppDelegate.m in Sources */,
				079E188921632B7800EB36FD /* CurrencyHistoryTableVC.m in Sources */,
				079E188121632B7800EB36FD /* Currency.m in Sources */,
				079E18B421632F3800EB36FD /* AppInitializer.m in Sources */,
				079E188021632B7800EB36FD /* AppState.m in Sources */,
				079E18B221632F3800EB36FD /* DateUtils.m in Sources */,
				079E18B621632F3800EB36FD /* UIUtils.m in Sources */,
				079E188521632B7800EB36FD /* CountryCell.m in Sources */,
				079E189621632B7800EB36FD /* ICCError.m in Sources */,
				079E18B121632F3800EB36FD /* NSUserDefaultsUtils.m in Sources */,
				079E188A21632B7800EB36FD /* CurrencyConverterVC.m in Sources */,
				079E188221632B7800EB36FD /* ApiService.m in Sources */,
				079E188D21632B7800EB36FD /* MainTabBarController.m in Sources */,
				079E188B21632B7800EB36FD /* CurrencyTableVC.m in Sources */,
				079E187E21632B7800EB36FD /* CurrencyHistory.m in Sources */,
				079E187C21632B7800EB36FD /* main.m in Sources */,
			);
			runOnlyForDeploymentPostprocessing = 0;
		};
/* End PBXSourcesBuildPhase section */

/* Begin PBXVariantGroup section */
		079E184021632B7800EB36FD /* LaunchScreen.storyboard */ = {
			isa = PBXVariantGroup;
			children = (
				079E184121632B7800EB36FD /* Base */,
			);
			name = LaunchScreen.storyboard;
			sourceTree = "<group>";
		};
/* End PBXVariantGroup section */

/* Begin XCBuildConfiguration section */
		07E36BDA214FC05D00C2811B /* Debug */ = {
			isa = XCBuildConfiguration;
			buildSettings = {
				ALWAYS_EMBED_SWIFT_STANDARD_LIBRARIES = NO;
				ALWAYS_SEARCH_USER_PATHS = NO;
				CLANG_ANALYZER_NONNULL = YES;
				CLANG_ANALYZER_NUMBER_OBJECT_CONVERSION = YES_AGGRESSIVE;
				CLANG_CXX_LANGUAGE_STANDARD = "gnu++14";
				CLANG_CXX_LIBRARY = "libc++";
				CLANG_ENABLE_MODULES = YES;
				CLANG_ENABLE_OBJC_ARC = YES;
				CLANG_ENABLE_OBJC_WEAK = YES;
				CLANG_WARN_BLOCK_CAPTURE_AUTORELEASING = YES;
				CLANG_WARN_BOOL_CONVERSION = YES;
				CLANG_WARN_COMMA = YES;
				CLANG_WARN_CONSTANT_CONVERSION = YES;
				CLANG_WARN_DEPRECATED_OBJC_IMPLEMENTATIONS = YES;
				CLANG_WARN_DIRECT_OBJC_ISA_USAGE = YES_ERROR;
				CLANG_WARN_DOCUMENTATION_COMMENTS = YES;
				CLANG_WARN_EMPTY_BODY = YES;
				CLANG_WARN_ENUM_CONVERSION = YES;
				CLANG_WARN_INFINITE_RECURSION = YES;
				CLANG_WARN_INT_CONVERSION = YES;
				CLANG_WARN_NON_LITERAL_NULL_CONVERSION = YES;
				CLANG_WARN_OBJC_IMPLICIT_RETAIN_SELF = YES;
				CLANG_WARN_OBJC_LITERAL_CONVERSION = YES;
				CLANG_WARN_OBJC_ROOT_CLASS = YES_ERROR;
				CLANG_WARN_RANGE_LOOP_ANALYSIS = YES;
				CLANG_WARN_STRICT_PROTOTYPES = YES;
				CLANG_WARN_SUSPICIOUS_MOVE = YES;
				CLANG_WARN_UNGUARDED_AVAILABILITY = YES_AGGRESSIVE;
				CLANG_WARN_UNREACHABLE_CODE = YES;
				CLANG_WARN__DUPLICATE_METHOD_MATCH = YES;
				CODE_SIGN_IDENTITY = "iPhone Developer";
				COPY_PHASE_STRIP = NO;
				DEBUG_INFORMATION_FORMAT = dwarf;
				ENABLE_STRICT_OBJC_MSGSEND = YES;
				ENABLE_TESTABILITY = YES;
				GCC_C_LANGUAGE_STANDARD = gnu11;
				GCC_DYNAMIC_NO_PIC = NO;
				GCC_NO_COMMON_BLOCKS = YES;
				GCC_OPTIMIZATION_LEVEL = 0;
				GCC_PREPROCESSOR_DEFINITIONS = (
					"DEBUG=1",
					"$(inherited)",
				);
				GCC_WARN_64_TO_32_BIT_CONVERSION = YES;
				GCC_WARN_ABOUT_RETURN_TYPE = YES_ERROR;
				GCC_WARN_UNDECLARED_SELECTOR = YES;
				GCC_WARN_UNINITIALIZED_AUTOS = YES_AGGRESSIVE;
				GCC_WARN_UNUSED_FUNCTION = YES;
				GCC_WARN_UNUSED_VARIABLE = YES;
				IPHONEOS_DEPLOYMENT_TARGET = 11.3;
				MTL_ENABLE_DEBUG_INFO = YES;
				ONLY_ACTIVE_ARCH = YES;
				SDKROOT = iphoneos;
			};
			name = Debug;
		};
		07E36BDB214FC05D00C2811B /* Release */ = {
			isa = XCBuildConfiguration;
			buildSettings = {
				ALWAYS_EMBED_SWIFT_STANDARD_LIBRARIES = NO;
				ALWAYS_SEARCH_USER_PATHS = NO;
				CLANG_ANALYZER_NONNULL = YES;
				CLANG_ANALYZER_NUMBER_OBJECT_CONVERSION = YES_AGGRESSIVE;
				CLANG_CXX_LANGUAGE_STANDARD = "gnu++14";
				CLANG_CXX_LIBRARY = "libc++";
				CLANG_ENABLE_MODULES = YES;
				CLANG_ENABLE_OBJC_ARC = YES;
				CLANG_ENABLE_OBJC_WEAK = YES;
				CLANG_WARN_BLOCK_CAPTURE_AUTORELEASING = YES;
				CLANG_WARN_BOOL_CONVERSION = YES;
				CLANG_WARN_COMMA = YES;
				CLANG_WARN_CONSTANT_CONVERSION = YES;
				CLANG_WARN_DEPRECATED_OBJC_IMPLEMENTATIONS = YES;
				CLANG_WARN_DIRECT_OBJC_ISA_USAGE = YES_ERROR;
				CLANG_WARN_DOCUMENTATION_COMMENTS = YES;
				CLANG_WARN_EMPTY_BODY = YES;
				CLANG_WARN_ENUM_CONVERSION = YES;
				CLANG_WARN_INFINITE_RECURSION = YES;
				CLANG_WARN_INT_CONVERSION = YES;
				CLANG_WARN_NON_LITERAL_NULL_CONVERSION = YES;
				CLANG_WARN_OBJC_IMPLICIT_RETAIN_SELF = YES;
				CLANG_WARN_OBJC_LITERAL_CONVERSION = YES;
				CLANG_WARN_OBJC_ROOT_CLASS = YES_ERROR;
				CLANG_WARN_RANGE_LOOP_ANALYSIS = YES;
				CLANG_WARN_STRICT_PROTOTYPES = YES;
				CLANG_WARN_SUSPICIOUS_MOVE = YES;
				CLANG_WARN_UNGUARDED_AVAILABILITY = YES_AGGRESSIVE;
				CLANG_WARN_UNREACHABLE_CODE = YES;
				CLANG_WARN__DUPLICATE_METHOD_MATCH = YES;
				CODE_SIGN_IDENTITY = "iPhone Developer";
				COPY_PHASE_STRIP = NO;
				DEBUG_INFORMATION_FORMAT = "dwarf-with-dsym";
				ENABLE_NS_ASSERTIONS = NO;
				ENABLE_STRICT_OBJC_MSGSEND = YES;
				GCC_C_LANGUAGE_STANDARD = gnu11;
				GCC_NO_COMMON_BLOCKS = YES;
				GCC_WARN_64_TO_32_BIT_CONVERSION = YES;
				GCC_WARN_ABOUT_RETURN_TYPE = YES_ERROR;
				GCC_WARN_UNDECLARED_SELECTOR = YES;
				GCC_WARN_UNINITIALIZED_AUTOS = YES_AGGRESSIVE;
				GCC_WARN_UNUSED_FUNCTION = YES;
				GCC_WARN_UNUSED_VARIABLE = YES;
				IPHONEOS_DEPLOYMENT_TARGET = 11.3;
				MTL_ENABLE_DEBUG_INFO = NO;
				SDKROOT = iphoneos;
				VALIDATE_PRODUCT = YES;
			};
			name = Release;
		};
		07E36BDD214FC05D00C2811B /* Debug */ = {
			isa = XCBuildConfiguration;
			baseConfigurationReference = C0E523E317C8DCD8B1DB09B8 /* Pods-IosCurrencyConverter.debug.xcconfig */;
			buildSettings = {
				ALWAYS_EMBED_SWIFT_STANDARD_LIBRARIES = NO;
				ASSETCATALOG_COMPILER_APPICON_NAME = AppIcon;
				CODE_SIGN_STYLE = Automatic;
				DEVELOPMENT_TEAM = LRM56Y5R45;
				INFOPLIST_FILE = "$(SRCROOT)/IosCurrencyConverter/Info.plist";
				LD_RUNPATH_SEARCH_PATHS = (
					"$(inherited)",
					"@executable_path/Frameworks",
				);
				PRODUCT_BUNDLE_IDENTIFIER = "com.bikashshrestha.ios-currency-converter";
				PRODUCT_NAME = "$(TARGET_NAME)";
				TARGETED_DEVICE_FAMILY = "1,2";
			};
			name = Debug;
		};
		07E36BDE214FC05D00C2811B /* Release */ = {
			isa = XCBuildConfiguration;
			baseConfigurationReference = 772A33517C863A84F28AF2CD /* Pods-IosCurrencyConverter.release.xcconfig */;
			buildSettings = {
				ALWAYS_EMBED_SWIFT_STANDARD_LIBRARIES = NO;
				ASSETCATALOG_COMPILER_APPICON_NAME = AppIcon;
				CODE_SIGN_STYLE = Automatic;
				DEVELOPMENT_TEAM = LRM56Y5R45;
				INFOPLIST_FILE = "$(SRCROOT)/IosCurrencyConverter/Info.plist";
				LD_RUNPATH_SEARCH_PATHS = (
					"$(inherited)",
					"@executable_path/Frameworks",
				);
				PRODUCT_BUNDLE_IDENTIFIER = "com.bikashshrestha.ios-currency-converter";
				PRODUCT_NAME = "$(TARGET_NAME)";
				TARGETED_DEVICE_FAMILY = "1,2";
			};
			name = Release;
		};
/* End XCBuildConfiguration section */

/* Begin XCConfigurationList section */
		07E36BC1214FC05B00C2811B /* Build configuration list for PBXProject "IosCurrencyConverter" */ = {
			isa = XCConfigurationList;
			buildConfigurations = (
				07E36BDA214FC05D00C2811B /* Debug */,
				07E36BDB214FC05D00C2811B /* Release */,
			);
			defaultConfigurationIsVisible = 0;
			defaultConfigurationName = Release;
		};
		07E36BDC214FC05D00C2811B /* Build configuration list for PBXNativeTarget "IosCurrencyConverter" */ = {
			isa = XCConfigurationList;
			buildConfigurations = (
				07E36BDD214FC05D00C2811B /* Debug */,
				07E36BDE214FC05D00C2811B /* Release */,
			);
			defaultConfigurationIsVisible = 0;
			defaultConfigurationName = Release;
		};
/* End XCConfigurationList section */
	};
	rootObject = 07E36BBE214FC05B00C2811B /* Project object */;
}
